
Microsoft Visual Studio Solution File, Format Version 12.00
# Visual Studio 15
VisualStudioVersion = 15.0.27004.2005
MinimumVisualStudioVersion = 10.0.40219.1
Project("{FAE04EC0-301F-11D3-BF4B-00C04F79EFBC}") = "04.WorkForce", "04.WorkForce\04.WorkForce.csproj", "{FD6B3223-7475-4028-A010-CA59D690D5CC}"
EndProject
Global
	GlobalSection(SolutionConfigurationPlatforms) = preSolution
		Debug|Any CPU = Debug|Any CPU
		Release|Any CPU = Release|Any CPU
	EndGlobalSection
	GlobalSection(ProjectConfigurationPlatforms) = postSolution
		{FD6B3223-7475-4028-A010-CA59D690D5CC}.Debug|Any CPU.ActiveCfg = Debug|Any CPU
		{FD6B3223-7475-4028-A010-CA59D690D5CC}.Debug|Any CPU.Build.0 = Debug|Any CPU
		{FD6B3223-7475-4028-A010-CA59D690D5CC}.Release|Any CPU.ActiveCfg = Release|Any CPU
		{FD6B3223-7475-4028-A010-CA59D690D5CC}.Release|Any CPU.Build.0 = Release|Any CPU
	EndGlobalSection
	GlobalSection(SolutionProperties) = preSolution
		HideSolutionNode = FALSE
	EndGlobalSection
	GlobalSection(ExtensibilityGlobals) = postSolution
		SolutionGuid = {1A609516-5516-45F1-A324-04CF71F6A73D}
	EndGlobalSection
EndGlobal
